
Microsoft Visual Studio Solution File, Format Version 12.00
# Visual Studio 15
VisualStudioVersion = 15.0.28307.757
MinimumVisualStudioVersion = 10.0.40219.1
Project("{FAE04EC0-301F-11D3-BF4B-00C04F79EFBC}") = "DataStrucrureDemo", "DataStrucrureDemo\DataStrucrureDemo.csproj", "{DBA52B01-963A-47AD-80A9-D83185FF6D9D}"
EndProject
Global
	GlobalSection(SolutionConfigurationPlatforms) = preSolution
		Debug|Any CPU = Debug|Any CPU
		Release|Any CPU = Release|Any CPU
	EndGlobalSection
	GlobalSection(ProjectConfigurationPlatforms) = postSolution
		{DBA52B01-963A-47AD-80A9-D83185FF6D9D}.Debug|Any CPU.ActiveCfg = Debug|Any CPU
		{DBA52B01-963A-47AD-80A9-D83185FF6D9D}.Debug|Any CPU.Build.0 = Debug|Any CPU
		{DBA52B01-963A-47AD-80A9-D83185FF6D9D}.Release|Any CPU.ActiveCfg = Release|Any CPU
		{DBA52B01-963A-47AD-80A9-D83185FF6D9D}.Release|Any CPU.Build.0 = Release|Any CPU
	EndGlobalSection
	GlobalSection(SolutionProperties) = preSolution
		HideSolutionNode = FALSE
	EndGlobalSection
	GlobalSection(ExtensibilityGlobals) = postSolution
		SolutionGuid = {36A91502-D7E7-4B30-A097-BAE2A5926495}
	EndGlobalSection
EndGlobal
